
Microsoft Visual Studio Solution File, Format Version 12.00
# Visual Studio Version 17
VisualStudioVersion = 17.7.34221.43
MinimumVisualStudioVersion = 10.0.40219.1
Project("{9A19103F-16F7-4668-BE54-9A1E7A4F7556}") = "Task Management System (Server)", "Task Management System (Server).csproj", "{A9497B30-3808-4564-AA96-5ED7FD16E068}"
EndProject
Global
	GlobalSection(SolutionConfigurationPlatforms) = preSolution
		Debug|Any CPU = Debug|Any CPU
		Release|Any CPU = Release|Any CPU
	EndGlobalSection
	GlobalSection(ProjectConfigurationPlatforms) = postSolution
		{A9497B30-3808-4564-AA96-5ED7FD16E068}.Debug|Any CPU.ActiveCfg = Debug|Any CPU
		{A9497B30-3808-4564-AA96-5ED7FD16E068}.Debug|Any CPU.Build.0 = Debug|Any CPU
		{A9497B30-3808-4564-AA96-5ED7FD16E068}.Release|Any CPU.ActiveCfg = Release|Any CPU
		{A9497B30-3808-4564-AA96-5ED7FD16E068}.Release|Any CPU.Build.0 = Release|Any CPU
	EndGlobalSection
	GlobalSection(SolutionProperties) = preSolution
		HideSolutionNode = FALSE
	EndGlobalSection
	GlobalSection(ExtensibilityGlobals) = postSolution
		SolutionGuid = {C8171D99-500F-486C-8E57-EF9B8FBA56F5}
	EndGlobalSection
EndGlobal
